[{"title":"task 1 : ajaykumbhar","timestamp":"2022-11-16 3:33:23 pm","userId":"2Hcmya4pK9JYMXFwNnFm1FhFdFk"},{"title":"task 2 : ajaykumbhar","timestamp":"2022-11-16 3:33:32 pm","userId":"2Hcmya4pK9JYMXFwNnFm1FhFdFk"},{"title":"task 3 : ajaykumbhar","timestamp":"2022-11-16 3:33:35 pm","userId":"2Hcmya4pK9JYMXFwNnFm1FhFdFk"},{"title":"task 4 : ajaykumbhar","timestamp":"2022-11-16 3:33:47 pm","userId":"2Hcmya4pK9JYMXFwNnFm1FhFdFk"},{"title":"task 5 : ajaykumbhar","timestamp":"2022-11-16 3:33:55 pm","userId":"2Hcmya4pK9JYMXFwNnFm1FhFdFk"}]